
Microsoft Visual Studio Solution File, Format Version 12.00
# Visual Studio Version 17
VisualStudioVersion = 17.7.34221.43
MinimumVisualStudioVersion = 10.0.40219.1
Project("{FAE04EC0-301F-11D3-BF4B-00C04F79EFBC}") = "Website", "Website.csproj", "{5F6C8B82-EEDE-43A8-A965-C189E4F43170}"
EndProject
Global
	GlobalSection(SolutionConfigurationPlatforms) = preSolution
		Debug|Any CPU = Debug|Any CPU
		Release|Any CPU = Release|Any CPU
	EndGlobalSection
	GlobalSection(ProjectConfigurationPlatforms) = postSolution
		{5F6C8B82-EEDE-43A8-A965-C189E4F43170}.Debug|Any CPU.ActiveCfg = Debug|Any CPU
		{5F6C8B82-EEDE-43A8-A965-C189E4F43170}.Debug|Any CPU.Build.0 = Debug|Any CPU
		{5F6C8B82-EEDE-43A8-A965-C189E4F43170}.Release|Any CPU.ActiveCfg = Release|Any CPU
		{5F6C8B82-EEDE-43A8-A965-C189E4F43170}.Release|Any CPU.Build.0 = Release|Any CPU
	EndGlobalSection
	GlobalSection(SolutionProperties) = preSolution
		HideSolutionNode = FALSE
	EndGlobalSection
	GlobalSection(ExtensibilityGlobals) = postSolution
		SolutionGuid = {FC3BBD85-190F-4900-9552-9E0D166E9663}
	EndGlobalSection
EndGlobal
